// !$*UTF8*$!
{
	archiveVersion = 1;
	classes = {
	};
	objectVersion = 46;
	objects = {

/* Begin PBXBuildFile section */
		A011D98A1EDD5B1A00AE57FE /* main.m in Sources */ = {isa = PBXBuildFile; fileRef = A011D9891EDD5B1A00AE57FE /* main.m */; };
		A011D98D1EDD5B1A00AE57FE /* AppDelegate.m in Sources */ = {isa = PBXBuildFile; fileRef = A011D98C1EDD5B1A00AE57FE /* AppDelegate.m */; };
		A011D9901EDD5B1A00AE57FE /* ViewController.m in Sources */ = {isa = PBXBuildFile; fileRef = A011D98F1EDD5B1A00AE57FE /* ViewController.m */; };
		A011D9931EDD5B1A00AE57FE /* Main.storyboard in Resources */ = {isa = PBXBuildFile; fileRef = A011D9911EDD5B1A00AE57FE /* Main.storyboard */; };
		A011D9951EDD5B1A00AE57FE /* Assets.xcassets in Resources */ = {isa = PBXBuildFile; fileRef = A011D9941EDD5B1A00AE57FE /* Assets.xcassets */; };
		A011D9981EDD5B1A00AE57FE /* LaunchScreen.storyboard in Resources */ = {isa = PBXBuildFile; fileRef = A011D9961EDD5B1A00AE57FE /* LaunchScreen.storyboard */; };
		A011D9A11EDD5B8900AE57FE /* ItemView.m in Sources */ = {isa = PBXBuildFile; fileRef = A011D9A01EDD5B8900AE57FE /* ItemView.m */; };
		A011D9A31EDD5BA700AE57FE /* ItemView.xib in Resources */ = {isa = PBXBuildFile; fileRef = A011D9A21EDD5BA700AE57FE /* ItemView.xib */; };
		A011D9A61EDD5D8900AE57FE /* ItemContentView.m in Sources */ = {isa = PBXBuildFile; fileRef = A011D9A51EDD5D8900AE57FE /* ItemContentView.m */; };
		A011D9A81EDD5D9600AE57FE /* ItemContentView.xib in Resources */ = {isa = PBXBuildFile; fileRef = A011D9A71EDD5D9600AE57FE /* ItemContentView.xib */; };
		A011D9AB1EDD601800AE57FE /* close@2x.png in Resources */ = {isa = PBXBuildFile; fileRef = A011D9A91EDD601800AE57FE /* close@2x.png */; };
		A011D9AC1EDD601800AE57FE /* shadow@2x.png in Resources */ = {isa = PBXBuildFile; fileRef = A011D9AA1EDD601800AE57FE /* shadow@2x.png */; };
/* End PBXBuildFile section */

/* Begin PBXFileReference section */
		A011D9851EDD5B1A00AE57FE /* scrollViewSample.app */ = {isa = PBXFileReference; explicitFileType = wrapper.application; includeInIndex = 0; path = scrollViewSample.app; sourceTree = BUILT_PRODUCTS_DIR; };
		A011D9891EDD5B1A00AE57FE /* main.m */ = {isa = PBXFileReference; lastKnownFileType = sourcecode.c.objc; path = main.m; sourceTree = "<group>"; };
		A011D98B1EDD5B1A00AE57FE /* AppDelegate.h */ = {isa = PBXFileReference; lastKnownFileType = sourcecode.c.h; path = AppDelegate.h; sourceTree = "<group>"; };
		A011D98C1EDD5B1A00AE57FE /* AppDelegate.m */ = {isa = PBXFileReference; lastKnownFileType = sourcecode.c.objc; path = AppDelegate.m; sourceTree = "<group>"; };
		A011D98E1EDD5B1A00AE57FE /* ViewController.h */ = {isa = PBXFileReference; lastKnownFileType = sourcecode.c.h; path = ViewController.h; sourceTree = "<group>"; };
		A011D98F1EDD5B1A00AE57FE /* ViewController.m */ = {isa = PBXFileReference; lastKnownFileType = sourcecode.c.objc; path = ViewController.m; sourceTree = "<group>"; };
		A011D9921EDD5B1A00AE57FE /* Base */ = {isa = PBXFileReference; lastKnownFileType = file.storyboard; name = Base; path = Base.lproj/Main.storyboard; sourceTree = "<group>"; };
		A011D9941EDD5B1A00AE57FE /* Assets.xcassets */ = {isa = PBXFileReference; lastKnownFileType = folder.assetcatalog; path = Assets.xcassets; sourceTree = "<group>"; };
		A011D9971EDD5B1A00AE57FE /* Base */ = {isa = PBXFileReference; lastKnownFileType = file.storyboard; name = Base; path = Base.lproj/LaunchScreen.storyboard; sourceTree = "<group>"; };
		A011D9991EDD5B1A00AE57FE /* Info.plist */ = {isa = PBXFileReference; lastKnownFileType = text.plist.xml; path = Info.plist; sourceTree = "<group>"; };
		A011D99F1EDD5B8900AE57FE /* ItemView.h */ = {isa = PBXFileReference; fileEncoding = 4; lastKnownFileType = sourcecode.c.h; path = ItemView.h; sourceTree = "<group>"; };
		A011D9A01EDD5B8900AE57FE /* ItemView.m */ = {isa = PBXFileReference; fileEncoding = 4; lastKnownFileType = sourcecode.c.objc; path = ItemView.m; sourceTree = "<group>"; };
		A011D9A21EDD5BA700AE57FE /* ItemView.xib */ = {isa = PBXFileReference; fileEncoding = 4; lastKnownFileType = file.xib; path = ItemView.xib; sourceTree = "<group>"; };
		A011D9A41EDD5D8900AE57FE /* ItemContentView.h */ = {isa = PBXFileReference; fileEncoding = 4; lastKnownFileType = sourcecode.c.h; path = ItemContentView.h; sourceTree = "<group>"; };
		A011D9A51EDD5D8900AE57FE /* ItemContentView.m */ = {isa = PBXFileReference; fileEncoding = 4; lastKnownFileType = sourcecode.c.objc; path = ItemContentView.m; sourceTree = "<group>"; };
		A011D9A71EDD5D9600AE57FE /* ItemContentView.xib */ = {isa = PBXFileReference; fileEncoding = 4; lastKnownFileType = file.xib; path = ItemContentView.xib; sourceTree = "<group>"; };
		A011D9A91EDD601800AE57FE /* close@2x.png */ = {isa = PBXFileReference; lastKnownFileType = image.png; path = "close@2x.png"; sourceTree = "<group>"; };
		A011D9AA1EDD601800AE57FE /* shadow@2x.png */ = {isa = PBXFileReference; lastKnownFileType = image.png; path = "shadow@2x.png"; sourceTree = "<group>"; };
/* End PBXFileReference section */

/* Begin PBXFrameworksBuildPhase section */
		A011D9821EDD5B1A00AE57FE /* Frameworks */ = {
			isa = PBXFrameworksBuildPhase;
			buildActionMask = 2147483647;
			files = (
			);
			runOnlyForDeploymentPostprocessing = 0;
		};
/* End PBXFrameworksBuildPhase section */

/* Begin PBXGroup section */
		A011D97C1EDD5B1A00AE57FE = {
			isa = PBXGroup;
			children = (
				A011D9871EDD5B1A00AE57FE /* scrollViewSample */,
				A011D9861EDD5B1A00AE57FE /* Products */,
			);
			sourceTree = "<group>";
		};
		A011D9861EDD5B1A00AE57FE /* Products */ = {
			isa = PBXGroup;
			children = (
				A011D9851EDD5B1A00AE57FE /* scrollViewSample.app */,
			);
			name = Products;
			sourceTree = "<group>";
		};
		A011D9871EDD5B1A00AE57FE /* scrollViewSample */ = {
			isa = PBXGroup;
			children = (
				A011D9A91EDD601800AE57FE /* close@2x.png */,
				A011D9AA1EDD601800AE57FE /* shadow@2x.png */,
				A011D98B1EDD5B1A00AE57FE /* AppDelegate.h */,
				A011D98C1EDD5B1A00AE57FE /* AppDelegate.m */,
				A011D98E1EDD5B1A00AE57FE /* ViewController.h */,
				A011D98F1EDD5B1A00AE57FE /* ViewController.m */,
				A011D9911EDD5B1A00AE57FE /* Main.storyboard */,
				A011D9941EDD5B1A00AE57FE /* Assets.xcassets */,
				A011D9961EDD5B1A00AE57FE /* LaunchScreen.storyboard */,
				A011D9991EDD5B1A00AE57FE /* Info.plist */,
				A011D9881EDD5B1A00AE57FE /* Supporting Files */,
				A011D99F1EDD5B8900AE57FE /* ItemView.h */,
				A011D9A01EDD5B8900AE57FE /* ItemView.m */,
				A011D9A21EDD5BA700AE57FE /* ItemView.xib */,
				A011D9A41EDD5D8900AE57FE /* ItemContentView.h */,
				A011D9A51EDD5D8900AE57FE /* ItemContentView.m */,
				A011D9A71EDD5D9600AE57FE /* ItemContentView.xib */,
			);
			path = scrollViewSample;
			sourceTree = "<group>";
		};
		A011D9881EDD5B1A00AE57FE /* Supporting Files */ = {
			isa = PBXGroup;
			children = (
				A011D9891EDD5B1A00AE57FE /* main.m */,
			);
			name = "Supporting Files";
			sourceTree = "<group>";
		};
/* End PBXGroup section */

/* Begin PBXNativeTarget section */
		A011D9841EDD5B1A00AE57FE /* scrollViewSample */ = {
			isa = PBXNativeTarget;
			buildConfigurationList = A011D99C1EDD5B1A00AE57FE /* Build configuration list for PBXNativeTarget "scrollViewSample" */;
			buildPhases = (
				A011D9811EDD5B1A00AE57FE /* Sources */,
				A011D9821EDD5B1A00AE57FE /* Frameworks */,
				A011D9831EDD5B1A00AE57FE /* Resources */,
			);
			buildRules = (
			);
			dependencies = (
			);
			name = scrollViewSample;
			productName = scrollViewSample;
			productReference = A011D9851EDD5B1A00AE57FE /* scrollViewSample.app */;
			productType = "com.apple.product-type.application";
		};
/* End PBXNativeTarget section */

/* Begin PBXProject section */
		A011D97D1EDD5B1A00AE57FE /* Project object */ = {
			isa = PBXProject;
			attributes = {
				LastUpgradeCheck = 0830;
				ORGANIZATIONNAME = inkeansong;
				TargetAttributes = {
					A011D9841EDD5B1A00AE57FE = {
						CreatedOnToolsVersion = 8.3.1;
						DevelopmentTeam = 7LFLC68LQ5;
						ProvisioningStyle = Automatic;
					};
				};
			};
			buildConfigurationList = A011D9801EDD5B1A00AE57FE /* Build configuration list for PBXProject "scrollViewSample" */;
			compatibilityVersion = "Xcode 3.2";
			developmentRegion = English;
			hasScannedForEncodings = 0;
			knownRegions = (
				en,
				Base,
			);
			mainGroup = A011D97C1EDD5B1A00AE57FE;
			productRefGroup = A011D9861EDD5B1A00AE57FE /* Products */;
			projectDirPath = "";
			projectRoot = "";
			targets = (
				A011D9841EDD5B1A00AE57FE /* scrollViewSample */,
			);
		};
/* End PBXProject section */

/* Begin PBXResourcesBuildPhase section */
		A011D9831EDD5B1A00AE57FE /* Resources */ = {
			isa = PBXResourcesBuildPhase;
			buildActionMask = 2147483647;
			files = (
				A011D9A81EDD5D9600AE57FE /* ItemContentView.xib in Resources */,
				A011D9981EDD5B1A00AE57FE /* LaunchScreen.storyboard in Resources */,
				A011D9951EDD5B1A00AE57FE /* Assets.xcassets in Resources */,
				A011D9AC1EDD601800AE57FE /* shadow@2x.png in Resources */,
				A011D9AB1EDD601800AE57FE /* close@2x.png in Resources */,
				A011D9931EDD5B1A00AE57FE /* Main.storyboard in Resources */,
				A011D9A31EDD5BA700AE57FE /* ItemView.xib in Resources */,
			);
			runOnlyForDeploymentPostprocessing = 0;
		};
/* End PBXResourcesBuildPhase section */

/* Begin PBXSourcesBuildPhase section */
		A011D9811EDD5B1A00AE57FE /* Sources */ = {
			isa = PBXSourcesBuildPhase;
			buildActionMask = 2147483647;
			files = (
				A011D9901EDD5B1A00AE57FE /* ViewController.m in Sources */,
				A011D98D1EDD5B1A00AE57FE /* AppDelegate.m in Sources */,
				A011D98A1EDD5B1A00AE57FE /* main.m in Sources */,
				A011D9A61EDD5D8900AE57FE /* ItemContentView.m in Sources */,
				A011D9A11EDD5B8900AE57FE /* ItemView.m in Sources */,
			);
			runOnlyForDeploymentPostprocessing = 0;
		};
/* End PBXSourcesBuildPhase section */

/* Begin PBXVariantGroup section */
		A011D9911EDD5B1A00AE57FE /* Main.storyboard */ = {
			isa = PBXVariantGroup;
			children = (
				A011D9921EDD5B1A00AE57FE /* Base */,
			);
			name = Main.storyboard;
			sourceTree = "<group>";
		};
		A011D9961EDD5B1A00AE57FE /* LaunchScreen.storyboard */ = {
			isa = PBXVariantGroup;
			children = (
				A011D9971EDD5B1A00AE57FE /* Base */,
			);
			name = LaunchScreen.storyboard;
			sourceTree = "<group>";
		};
/* End PBXVariantGroup section */

/* Begin XCBuildConfiguration section */
		A011D99A1EDD5B1A00AE57FE /* Debug */ = {
			isa = XCBuildConfiguration;
			buildSettings = {
				ALWAYS_SEARCH_USER_PATHS = NO;
				CLANG_ANALYZER_NONNULL = YES;
				CLANG_ANALYZER_NUMBER_OBJECT_CONVERSION = YES_AGGRESSIVE;
				CLANG_CXX_LANGUAGE_STANDARD = "gnu++0x";
				CLANG_CXX_LIBRARY = "libc++";
				CLANG_ENABLE_MODULES = YES;
				CLANG_ENABLE_OBJC_ARC = YES;
				CLANG_WARN_BOOL_CONVERSION = YES;
				CLANG_WARN_CONSTANT_CONVERSION = YES;
				CLANG_WARN_DIRECT_OBJC_ISA_USAGE = YES_ERROR;
				CLANG_WARN_DOCUMENTATION_COMMENTS = YES;
				CLANG_WARN_EMPTY_BODY = YES;
				CLANG_WARN_ENUM_CONVERSION = YES;
				CLANG_WARN_INFINITE_RECURSION = YES;
				CLANG_WARN_INT_CONVERSION = YES;
				CLANG_WARN_OBJC_ROOT_CLASS = YES_ERROR;
				CLANG_WARN_SUSPICIOUS_MOVE = YES;
				CLANG_WARN_UNREACHABLE_CODE = YES;
				CLANG_WARN__DUPLICATE_METHOD_MATCH = YES;
				"CODE_SIGN_IDENTITY[sdk=iphoneos*]" = "iPhone Developer";
				COPY_PHASE_STRIP = NO;
				DEBUG_INFORMATION_FORMAT = dwarf;
				ENABLE_STRICT_OBJC_MSGSEND = YES;
				ENABLE_TESTABILITY = YES;
				GCC_C_LANGUAGE_STANDARD = gnu99;
				GCC_DYNAMIC_NO_PIC = NO;
				GCC_NO_COMMON_BLOCKS = YES;
				GCC_OPTIMIZATION_LEVEL = 0;
				GCC_PREPROCESSOR_DEFINITIONS = (
					"DEBUG=1",
					"$(inherited)",
				);
				GCC_WARN_64_TO_32_BIT_CONVERSION = YES;
				GCC_WARN_ABOUT_RETURN_TYPE = YES_ERROR;
				GCC_WARN_UNDECLARED_SELECTOR = YES;
				GCC_WARN_UNINITIALIZED_AUTOS = YES_AGGRESSIVE;
				GCC_WARN_UNUSED_FUNCTION = YES;
				GCC_WARN_UNUSED_VARIABLE = YES;
				IPHONEOS_DEPLOYMENT_TARGET = 10.3;
				MTL_ENABLE_DEBUG_INFO = YES;
				ONLY_ACTIVE_ARCH = YES;
				SDKROOT = iphoneos;
			};
			name = Debug;
		};
		A011D99B1EDD5B1A00AE57FE /* Release */ = {
			isa = XCBuildConfiguration;
			buildSettings = {
				ALWAYS_SEARCH_USER_PATHS = NO;
				CLANG_ANALYZER_NONNULL = YES;
				CLANG_ANALYZER_NUMBER_OBJECT_CONVERSION = YES_AGGRESSIVE;
				CLANG_CXX_LANGUAGE_STANDARD = "gnu++0x";
				CLANG_CXX_LIBRARY = "libc++";
				CLANG_ENABLE_MODULES = YES;
				CLANG_ENABLE_OBJC_ARC = YES;
				CLANG_WARN_BOOL_CONVERSION = YES;
				CLANG_WARN_CONSTANT_CONVERSION = YES;
				CLANG_WARN_DIRECT_OBJC_ISA_USAGE = YES_ERROR;
				CLANG_WARN_DOCUMENTATION_COMMENTS = YES;
				CLANG_WARN_EMPTY_BODY = YES;
				CLANG_WARN_ENUM_CONVERSION = YES;
				CLANG_WARN_INFINITE_RECURSION = YES;
				CLANG_WARN_INT_CONVERSION = YES;
				CLANG_WARN_OBJC_ROOT_CLASS = YES_ERROR;
				CLANG_WARN_SUSPICIOUS_MOVE = YES;
				CLANG_WARN_UNREACHABLE_CODE = YES;
				CLANG_WARN__DUPLICATE_METHOD_MATCH = YES;
				"CODE_SIGN_IDENTITY[sdk=iphoneos*]" = "iPhone Developer";
				COPY_PHASE_STRIP = NO;
				DEBUG_INFORMATION_FORMAT = "dwarf-with-dsym";
				ENABLE_NS_ASSERTIONS = NO;
				ENABLE_STRICT_OBJC_MSGSEND = YES;
				GCC_C_LANGUAGE_STANDARD = gnu99;
				GCC_NO_COMMON_BLOCKS = YES;
				GCC_WARN_64_TO_32_BIT_CONVERSION = YES;
				GCC_WARN_ABOUT_RETURN_TYPE = YES_ERROR;
				GCC_WARN_UNDECLARED_SELECTOR = YES;
				GCC_WARN_UNINITIALIZED_AUTOS = YES_AGGRESSIVE;
				GCC_WARN_UNUSED_FUNCTION = YES;
				GCC_WARN_UNUSED_VARIABLE = YES;
				IPHONEOS_DEPLOYMENT_TARGET = 10.3;
				MTL_ENABLE_DEBUG_INFO = NO;
				SDKROOT = iphoneos;
				VALIDATE_PRODUCT = YES;
			};
			name = Release;
		};
		A011D99D1EDD5B1A00AE57FE /* Debug */ = {
			isa = XCBuildConfiguration;
			buildSettings = {
				ASSETCATALOG_COMPILER_APPICON_NAME = AppIcon;
				DEVELOPMENT_TEAM = 7LFLC68LQ5;
				INFOPLIST_FILE = scrollViewSample/Info.plist;
				LD_RUNPATH_SEARCH_PATHS = "$(inherited) @executable_path/Frameworks";
				PRODUCT_BUNDLE_IDENTIFIER = com.iws.scrollViewSample;
				PRODUCT_NAME = "$(TARGET_NAME)";
			};
			name = Debug;
		};
		A011D99E1EDD5B1A00AE57FE /* Release */ = {
			isa = XCBuildConfiguration;
			buildSettings = {
				ASSETCATALOG_COMPILER_APPICON_NAME = AppIcon;
				DEVELOPMENT_TEAM = 7LFLC68LQ5;
				INFOPLIST_FILE = scrollViewSample/Info.plist;
				LD_RUNPATH_SEARCH_PATHS = "$(inherited) @executable_path/Frameworks";
				PRODUCT_BUNDLE_IDENTIFIER = com.iws.scrollViewSample;
				PRODUCT_NAME = "$(TARGET_NAME)";
			};
			name = Release;
		};
/* End XCBuildConfiguration section */

/* Begin XCConfigurationList section */
		A011D9801EDD5B1A00AE57FE /* Build configuration list for PBXProject "scrollViewSample" */ = {
			isa = XCConfigurationList;
			buildConfigurations = (
				A011D99A1EDD5B1A00AE57FE /* Debug */,
				A011D99B1EDD5B1A00AE57FE /* Release */,
			);
			defaultConfigurationIsVisible = 0;
			defaultConfigurationName = Release;
		};
		A011D99C1EDD5B1A00AE57FE /* Build configuration list for PBXNativeTarget "scrollViewSample" */ = {
			isa = XCConfigurationList;
			buildConfigurations = (
				A011D99D1EDD5B1A00AE57FE /* Debug */,
				A011D99E1EDD5B1A00AE57FE /* Release */,
			);
			defaultConfigurationIsVisible = 0;
		};
/* End XCConfigurationList section */
	};
	rootObject = A011D97D1EDD5B1A00AE57FE /* Project object */;
}
